// !$*UTF8*$!
{
	archiveVersion = 1;
	classes = {
	};
	objectVersion = 46;
	objects = {

/* Begin PBXBuildFile section */
		A6F463B41D99D0BF007E3240 /* AppDelegate.m in Sources */ = {isa = PBXBuildFile; fileRef = A6F463B31D99D0BF007E3240 /* AppDelegate.m */; };
		A6F463B71D99D0BF007E3240 /* main.m in Sources */ = {isa = PBXBuildFile; fileRef = A6F463B61D99D0BF007E3240 /* main.m */; };
		A6F463C61D9C0757007E3240 /* ChakraProxy.mm in Sources */ = {isa = PBXBuildFile; fileRef = A6F463C51D9C0757007E3240 /* ChakraProxy.mm */; };
		A6F463C81D9C085E007E3240 /* MainMenu.xib in Resources */ = {isa = PBXBuildFile; fileRef = A6F463C71D9C085E007E3240 /* MainMenu.xib */; };
/* End PBXBuildFile section */

/* Begin PBXFileReference section */
		A6F463AF1D99D0BE007E3240 /* ExampleBridge.app */ = {isa = PBXFileReference; explicitFileType = wrapper.application; includeInIndex = 0; path = ExampleBridge.app; sourceTree = BUILT_PRODUCTS_DIR; };
		A6F463B21D99D0BE007E3240 /* AppDelegate.h */ = {isa = PBXFileReference; lastKnownFileType = sourcecode.c.h; path = AppDelegate.h; sourceTree = "<group>"; };
		A6F463B31D99D0BF007E3240 /* AppDelegate.m */ = {isa = PBXFileReference; lastKnownFileType = sourcecode.c.objc; path = AppDelegate.m; sourceTree = "<group>"; };
		A6F463B61D99D0BF007E3240 /* main.m */ = {isa = PBXFileReference; lastKnownFileType = sourcecode.c.objc; path = main.m; sourceTree = "<group>"; };
		A6F463BD1D99D0BF007E3240 /* Info.plist */ = {isa = PBXFileReference; lastKnownFileType = text.plist.xml; path = Info.plist; sourceTree = "<group>"; };
		A6F463C41D9C0757007E3240 /* ChakraProxy.h */ = {isa = PBXFileReference; fileEncoding = 4; lastKnownFileType = sourcecode.c.h; name = ChakraProxy.h; path = Source/ChakraProxy.h; sourceTree = "<group>"; };
		A6F463C51D9C0757007E3240 /* ChakraProxy.mm */ = {isa = PBXFileReference; fileEncoding = 4; lastKnownFileType = sourcecode.cpp.objcpp; name = ChakraProxy.mm; path = Source/ChakraProxy.mm; sourceTree = "<group>"; };
		A6F463C71D9C085E007E3240 /* MainMenu.xib */ = {isa = PBXFileReference; fileEncoding = 4; lastKnownFileType = file.xib; path = MainMenu.xib; sourceTree = "<group>"; };
/* End PBXFileReference section */

/* Begin PBXFrameworksBuildPhase section */
		A6F463AC1D99D0BE007E3240 /* Frameworks */ = {
			isa = PBXFrameworksBuildPhase;
			buildActionMask = 2147483647;
			files = (
			);
			runOnlyForDeploymentPostprocessing = 0;
		};
/* End PBXFrameworksBuildPhase section */

/* Begin PBXGroup section */
		A6F463A61D99D0BE007E3240 = {
			isa = PBXGroup;
			children = (
				A6F463B11D99D0BE007E3240 /* ExampleBridge */,
				A6F463B01D99D0BE007E3240 /* Products */,
			);
			sourceTree = "<group>";
		};
		A6F463B01D99D0BE007E3240 /* Products */ = {
			isa = PBXGroup;
			children = (
				A6F463AF1D99D0BE007E3240 /* ExampleBridge.app */,
			);
			name = Products;
			sourceTree = "<group>";
		};
		A6F463B11D99D0BE007E3240 /* ExampleBridge */ = {
			isa = PBXGroup;
			children = (
				A6F463C31D9C073D007E3240 /* Source */,
				A6F463B21D99D0BE007E3240 /* AppDelegate.h */,
				A6F463B31D99D0BF007E3240 /* AppDelegate.m */,
				A6F463C71D9C085E007E3240 /* MainMenu.xib */,
				A6F463BD1D99D0BF007E3240 /* Info.plist */,
				A6F463B51D99D0BF007E3240 /* Supporting Files */,
			);
			path = ExampleBridge;
			sourceTree = "<group>";
		};
		A6F463B51D99D0BF007E3240 /* Supporting Files */ = {
			isa = PBXGroup;
			children = (
				A6F463B61D99D0BF007E3240 /* main.m */,
			);
			name = "Supporting Files";
			sourceTree = "<group>";
		};
		A6F463C31D9C073D007E3240 /* Source */ = {
			isa = PBXGroup;
			children = (
				A6F463C41D9C0757007E3240 /* ChakraProxy.h */,
				A6F463C51D9C0757007E3240 /* ChakraProxy.mm */,
			);
			name = Source;
			sourceTree = "<group>";
		};
/* End PBXGroup section */

/* Begin PBXNativeTarget section */
		A6F463AE1D99D0BE007E3240 /* ExampleBridge */ = {
			isa = PBXNativeTarget;
			buildConfigurationList = A6F463C01D99D0BF007E3240 /* Build configuration list for PBXNativeTarget "ExampleBridge" */;
			buildPhases = (
				A6F463AB1D99D0BE007E3240 /* Sources */,
				A6F463AC1D99D0BE007E3240 /* Frameworks */,
				A6F463AD1D99D0BE007E3240 /* Resources */,
			);
			buildRules = (
			);
			dependencies = (
			);
			name = ExampleBridge;
			productName = ExampleBridge;
			productReference = A6F463AF1D99D0BE007E3240 /* ExampleBridge.app */;
			productType = "com.apple.product-type.application";
		};
/* End PBXNativeTarget section */

/* Begin PBXProject section */
		A6F463A71D99D0BE007E3240 /* Project object */ = {
			isa = PBXProject;
			attributes = {
				LastUpgradeCheck = 0800;
				ORGANIZATIONNAME = oss;
				TargetAttributes = {
					A6F463AE1D99D0BE007E3240 = {
						CreatedOnToolsVersion = 8.0;
						ProvisioningStyle = Automatic;
					};
				};
			};
			buildConfigurationList = A6F463AA1D99D0BE007E3240 /* Build configuration list for PBXProject "ExampleBridge" */;
			compatibilityVersion = "Xcode 3.2";
			developmentRegion = English;
			hasScannedForEncodings = 0;
			knownRegions = (
				en,
				Base,
			);
			mainGroup = A6F463A61D99D0BE007E3240;
			productRefGroup = A6F463B01D99D0BE007E3240 /* Products */;
			projectDirPath = "";
			projectRoot = "";
			targets = (
				A6F463AE1D99D0BE007E3240 /* ExampleBridge */,
			);
		};
/* End PBXProject section */

/* Begin PBXResourcesBuildPhase section */
		A6F463AD1D99D0BE007E3240 /* Resources */ = {
			isa = PBXResourcesBuildPhase;
			buildActionMask = 2147483647;
			files = (
				A6F463C81D9C085E007E3240 /* MainMenu.xib in Resources */,
			);
			runOnlyForDeploymentPostprocessing = 0;
		};
/* End PBXResourcesBuildPhase section */

/* Begin PBXSourcesBuildPhase section */
		A6F463AB1D99D0BE007E3240 /* Sources */ = {
			isa = PBXSourcesBuildPhase;
			buildActionMask = 2147483647;
			files = (
				A6F463C61D9C0757007E3240 /* ChakraProxy.mm in Sources */,
				A6F463B71D99D0BF007E3240 /* main.m in Sources */,
				A6F463B41D99D0BF007E3240 /* AppDelegate.m in Sources */,
			);
			runOnlyForDeploymentPostprocessing = 0;
		};
/* End PBXSourcesBuildPhase section */

/* Begin XCBuildConfiguration section */
		A6F463BE1D99D0BF007E3240 /* Debug */ = {
			isa = XCBuildConfiguration;
			buildSettings = {
				ALWAYS_SEARCH_USER_PATHS = NO;
				CLANG_ANALYZER_NONNULL = YES;
				CLANG_CXX_LANGUAGE_STANDARD = "gnu++0x";
				CLANG_CXX_LIBRARY = "libc++";
				CLANG_ENABLE_MODULES = YES;
				CLANG_ENABLE_OBJC_ARC = YES;
				CLANG_WARN_BOOL_CONVERSION = YES;
				CLANG_WARN_CONSTANT_CONVERSION = YES;
				CLANG_WARN_DIRECT_OBJC_ISA_USAGE = YES_ERROR;
				CLANG_WARN_DOCUMENTATION_COMMENTS = YES;
				CLANG_WARN_EMPTY_BODY = YES;
				CLANG_WARN_ENUM_CONVERSION = YES;
				CLANG_WARN_INFINITE_RECURSION = YES;
				CLANG_WARN_INT_CONVERSION = YES;
				CLANG_WARN_OBJC_ROOT_CLASS = YES_ERROR;
				CLANG_WARN_SUSPICIOUS_MOVES = YES;
				CLANG_WARN_UNREACHABLE_CODE = YES;
				CLANG_WARN__DUPLICATE_METHOD_MATCH = YES;
				CODE_SIGN_IDENTITY = "-";
				COPY_PHASE_STRIP = NO;
				DEBUG_INFORMATION_FORMAT = dwarf;
				ENABLE_STRICT_OBJC_MSGSEND = YES;
				ENABLE_TESTABILITY = YES;
				GCC_C_LANGUAGE_STANDARD = gnu99;
				GCC_DYNAMIC_NO_PIC = NO;
				GCC_NO_COMMON_BLOCKS = YES;
				GCC_OPTIMIZATION_LEVEL = 0;
				GCC_PREPROCESSOR_DEFINITIONS = (
					"DEBUG=1",
					"$(inherited)",
				);
				GCC_WARN_64_TO_32_BIT_CONVERSION = YES;
				GCC_WARN_ABOUT_RETURN_TYPE = YES_ERROR;
				GCC_WARN_UNDECLARED_SELECTOR = YES;
				GCC_WARN_UNINITIALIZED_AUTOS = YES_AGGRESSIVE;
				GCC_WARN_UNUSED_FUNCTION = YES;
				GCC_WARN_UNUSED_VARIABLE = YES;
				MACOSX_DEPLOYMENT_TARGET = 10.12;
				MTL_ENABLE_DEBUG_INFO = YES;
				ONLY_ACTIVE_ARCH = YES;
				SDKROOT = macosx;
			};
			name = Debug;
		};
		A6F463BF1D99D0BF007E3240 /* Release */ = {
			isa = XCBuildConfiguration;
			buildSettings = {
				ALWAYS_SEARCH_USER_PATHS = NO;
				CLANG_ANALYZER_NONNULL = YES;
				CLANG_CXX_LANGUAGE_STANDARD = "gnu++0x";
				CLANG_CXX_LIBRARY = "libc++";
				CLANG_ENABLE_MODULES = YES;
				CLANG_ENABLE_OBJC_ARC = YES;
				CLANG_WARN_BOOL_CONVERSION = YES;
				CLANG_WARN_CONSTANT_CONVERSION = YES;
				CLANG_WARN_DIRECT_OBJC_ISA_USAGE = YES_ERROR;
				CLANG_WARN_DOCUMENTATION_COMMENTS = YES;
				CLANG_WARN_EMPTY_BODY = YES;
				CLANG_WARN_ENUM_CONVERSION = YES;
				CLANG_WARN_INFINITE_RECURSION = YES;
				CLANG_WARN_INT_CONVERSION = YES;
				CLANG_WARN_OBJC_ROOT_CLASS = YES_ERROR;
				CLANG_WARN_SUSPICIOUS_MOVES = YES;
				CLANG_WARN_UNREACHABLE_CODE = YES;
				CLANG_WARN__DUPLICATE_METHOD_MATCH = YES;
				CODE_SIGN_IDENTITY = "-";
				COPY_PHASE_STRIP = NO;
				DEBUG_INFORMATION_FORMAT = "dwarf-with-dsym";
				ENABLE_NS_ASSERTIONS = NO;
				ENABLE_STRICT_OBJC_MSGSEND = YES;
				GCC_C_LANGUAGE_STANDARD = gnu99;
				GCC_NO_COMMON_BLOCKS = YES;
				GCC_WARN_64_TO_32_BIT_CONVERSION = YES;
				GCC_WARN_ABOUT_RETURN_TYPE = YES_ERROR;
				GCC_WARN_UNDECLARED_SELECTOR = YES;
				GCC_WARN_UNINITIALIZED_AUTOS = YES_AGGRESSIVE;
				GCC_WARN_UNUSED_FUNCTION = YES;
				GCC_WARN_UNUSED_VARIABLE = YES;
				MACOSX_DEPLOYMENT_TARGET = 10.12;
				MTL_ENABLE_DEBUG_INFO = NO;
				SDKROOT = macosx;
			};
			name = Release;
		};
		A6F463C11D99D0BF007E3240 /* Debug */ = {
			isa = XCBuildConfiguration;
			buildSettings = {
				COMBINE_HIDPI_IMAGES = YES;
				INFOPLIST_FILE = ExampleBridge/Info.plist;
				LD_RUNPATH_SEARCH_PATHS = "$(inherited) @executable_path/../Frameworks";
				PRODUCT_BUNDLE_IDENTIFIER = com.oss.ExampleBridge;
				PRODUCT_NAME = "$(TARGET_NAME)";
			};
			name = Debug;
		};
		A6F463C21D99D0BF007E3240 /* Release */ = {
			isa = XCBuildConfiguration;
			buildSettings = {
				COMBINE_HIDPI_IMAGES = YES;
				INFOPLIST_FILE = ExampleBridge/Info.plist;
				LD_RUNPATH_SEARCH_PATHS = "$(inherited) @executable_path/../Frameworks";
				PRODUCT_BUNDLE_IDENTIFIER = com.oss.ExampleBridge;
				PRODUCT_NAME = "$(TARGET_NAME)";
			};
			name = Release;
		};
/* End XCBuildConfiguration section */

/* Begin XCConfigurationList section */
		A6F463AA1D99D0BE007E3240 /* Build configuration list for PBXProject "ExampleBridge" */ = {
			isa = XCConfigurationList;
			buildConfigurations = (
				A6F463BE1D99D0BF007E3240 /* Debug */,
				A6F463BF1D99D0BF007E3240 /* Release */,
			);
			defaultConfigurationIsVisible = 0;
			defaultConfigurationName = Release;
		};
		A6F463C01D99D0BF007E3240 /* Build configuration list for PBXNativeTarget "ExampleBridge" */ = {
			isa = XCConfigurationList;
			buildConfigurations = (
				A6F463C11D99D0BF007E3240 /* Debug */,
				A6F463C21D99D0BF007E3240 /* Release */,
			);
			defaultConfigurationIsVisible = 0;
		};
/* End XCConfigurationList section */
	};
	rootObject = A6F463A71D99D0BE007E3240 /* Project object */;
}
